
Microsoft Visual Studio Solution File, Format Version 12.00
# Visual Studio Version 17
VisualStudioVersion = 17.13.35825.156 d17.13
MinimumVisualStudioVersion = 10.0.40219.1
Project("{FAE04EC0-301F-11D3-BF4B-00C04F79EFBC}") = "CourseEnrollmentSystem", "CourseEnrollmentSystem\CourseEnrollmentSystem.csproj", "{66C05FA9-8A3D-4BAA-98C7-E6E27AEECFB1}"
EndProject
Global
	GlobalSection(SolutionConfigurationPlatforms) = preSolution
		Debug|Any CPU = Debug|Any CPU
		Release|Any CPU = Release|Any CPU
	EndGlobalSection
	GlobalSection(ProjectConfigurationPlatforms) = postSolution
		{66C05FA9-8A3D-4BAA-98C7-E6E27AEECFB1}.Debug|Any CPU.ActiveCfg = Debug|Any CPU
		{66C05FA9-8A3D-4BAA-98C7-E6E27AEECFB1}.Debug|Any CPU.Build.0 = Debug|Any CPU
		{66C05FA9-8A3D-4BAA-98C7-E6E27AEECFB1}.Release|Any CPU.ActiveCfg = Release|Any CPU
		{66C05FA9-8A3D-4BAA-98C7-E6E27AEECFB1}.Release|Any CPU.Build.0 = Release|Any CPU
	EndGlobalSection
	GlobalSection(SolutionProperties) = preSolution
		HideSolutionNode = FALSE
	EndGlobalSection
	GlobalSection(ExtensibilityGlobals) = postSolution
		SolutionGuid = {46B3648A-C441-48CE-9D38-D9119F9B0F21}
	EndGlobalSection
EndGlobal
